// !$*UTF8*$!
{
	archiveVersion = 1;
	classes = {
	};
	objectVersion = 46;
	objects = {

/* Begin PBXBuildFile section */
		11216D3E1E9F805A00288844 /* AppDelegate.swift in Sources */ = {isa = PBXBuildFile; fileRef = 11216D3D1E9F805A00288844 /* AppDelegate.swift */; };
		11216D401E9F805A00288844 /* ViewController.swift in Sources */ = {isa = PBXBuildFile; fileRef = 11216D3F1E9F805A00288844 /* ViewController.swift */; };
		11216D431E9F805A00288844 /* Main.storyboard in Resources */ = {isa = PBXBuildFile; fileRef = 11216D411E9F805A00288844 /* Main.storyboard */; };
		11216D451E9F805A00288844 /* Assets.xcassets in Resources */ = {isa = PBXBuildFile; fileRef = 11216D441E9F805A00288844 /* Assets.xcassets */; };
		11216D481E9F805A00288844 /* LaunchScreen.storyboard in Resources */ = {isa = PBXBuildFile; fileRef = 11216D461E9F805A00288844 /* LaunchScreen.storyboard */; };
		11216D531E9F805A00288844 /* GuideBotUITests.swift in Sources */ = {isa = PBXBuildFile; fileRef = 11216D521E9F805A00288844 /* GuideBotUITests.swift */; };
		115F25F31E9F87C000B99024 /* DataBridge.swift in Sources */ = {isa = PBXBuildFile; fileRef = 115F25F21E9F87C000B99024 /* DataBridge.swift */; };
		2B220D648D3A5FF3B1C77EFA /* Pods_GuideBotUITests.framework in Frameworks */ = {isa = PBXBuildFile; fileRef = 3043DDD9FC96127362127F30 /* Pods_GuideBotUITests.framework */; };
		E8E71BF65B576E986B245505 /* Pods_GuideBot.framework in Frameworks */ = {isa = PBXBuildFile; fileRef = ADFD151E60178340720CDDFF /* Pods_GuideBot.framework */; };
/* End PBXBuildFile section */

/* Begin PBXContainerItemProxy section */
		11216D4F1E9F805A00288844 /* PBXContainerItemProxy */ = {
			isa = PBXContainerItemProxy;
			containerPortal = 11216D321E9F805A00288844 /* Project object */;
			proxyType = 1;
			remoteGlobalIDString = 11216D391E9F805A00288844;
			remoteInfo = GuideBot;
		};
/* End PBXContainerItemProxy section */

/* Begin PBXFileReference section */
		11216D3A1E9F805A00288844 /* GuideBot.app */ = {isa = PBXFileReference; explicitFileType = wrapper.application; includeInIndex = 0; path = GuideBot.app; sourceTree = BUILT_PRODUCTS_DIR; };
		11216D3D1E9F805A00288844 /* AppDelegate.swift */ = {isa = PBXFileReference; lastKnownFileType = sourcecode.swift; path = AppDelegate.swift; sourceTree = "<group>"; };
		11216D3F1E9F805A00288844 /* ViewController.swift */ = {isa = PBXFileReference; lastKnownFileType = sourcecode.swift; path = ViewController.swift; sourceTree = "<group>"; };
		11216D421E9F805A00288844 /* Base */ = {isa = PBXFileReference; lastKnownFileType = file.storyboard; name = Base; path = Base.lproj/Main.storyboard; sourceTree = "<group>"; };
		11216D441E9F805A00288844 /* Assets.xcassets */ = {isa = PBXFileReference; lastKnownFileType = folder.assetcatalog; path = Assets.xcassets; sourceTree = "<group>"; };
		11216D471E9F805A00288844 /* Base */ = {isa = PBXFileReference; lastKnownFileType = file.storyboard; name = Base; path = Base.lproj/LaunchScreen.storyboard; sourceTree = "<group>"; };
		11216D491E9F805A00288844 /* Info.plist */ = {isa = PBXFileReference; lastKnownFileType = text.plist.xml; path = Info.plist; sourceTree = "<group>"; };
		11216D4E1E9F805A00288844 /* GuideBotUITests.xctest */ = {isa = PBXFileReference; explicitFileType = wrapper.cfbundle; includeInIndex = 0; path = GuideBotUITests.xctest; sourceTree = BUILT_PRODUCTS_DIR; };
		11216D521E9F805A00288844 /* GuideBotUITests.swift */ = {isa = PBXFileReference; lastKnownFileType = sourcecode.swift; path = GuideBotUITests.swift; sourceTree = "<group>"; };
		11216D541E9F805A00288844 /* Info.plist */ = {isa = PBXFileReference; lastKnownFileType = text.plist.xml; path = Info.plist; sourceTree = "<group>"; };
		115F25F21E9F87C000B99024 /* DataBridge.swift */ = {isa = PBXFileReference; fileEncoding = 4; lastKnownFileType = sourcecode.swift; path = DataBridge.swift; sourceTree = "<group>"; };
		1212A638A8C729153B784DC7 /* Pods-GuideBot.debug.xcconfig */ = {isa = PBXFileReference; includeInIndex = 1; lastKnownFileType = text.xcconfig; name = "Pods-GuideBot.debug.xcconfig"; path = "Pods/Target Support Files/Pods-GuideBot/Pods-GuideBot.debug.xcconfig"; sourceTree = "<group>"; };
		3043DDD9FC96127362127F30 /* Pods_GuideBotUITests.framework */ = {isa = PBXFileReference; explicitFileType = wrapper.framework; includeInIndex = 0; path = Pods_GuideBotUITests.framework; sourceTree = BUILT_PRODUCTS_DIR; };
		4F59D0EE929E2B948A26E724 /* Pods-GuideBotUITests.release.xcconfig */ = {isa = PBXFileReference; includeInIndex = 1; lastKnownFileType = text.xcconfig; name = "Pods-GuideBotUITests.release.xcconfig"; path = "Pods/Target Support Files/Pods-GuideBotUITests/Pods-GuideBotUITests.release.xcconfig"; sourceTree = "<group>"; };
		6120FC632F61C103F2D633B4 /* Pods-GuideBot.release.xcconfig */ = {isa = PBXFileReference; includeInIndex = 1; lastKnownFileType = text.xcconfig; name = "Pods-GuideBot.release.xcconfig"; path = "Pods/Target Support Files/Pods-GuideBot/Pods-GuideBot.release.xcconfig"; sourceTree = "<group>"; };
		ADFD151E60178340720CDDFF /* Pods_GuideBot.framework */ = {isa = PBXFileReference; explicitFileType = wrapper.framework; includeInIndex = 0; path = Pods_GuideBot.framework; sourceTree = BUILT_PRODUCTS_DIR; };
		CCFD2F07985FFDCDDB2F70D1 /* Pods-GuideBotUITests.debug.xcconfig */ = {isa = PBXFileReference; includeInIndex = 1; lastKnownFileType = text.xcconfig; name = "Pods-GuideBotUITests.debug.xcconfig"; path = "Pods/Target Support Files/Pods-GuideBotUITests/Pods-GuideBotUITests.debug.xcconfig"; sourceTree = "<group>"; };
/* End PBXFileReference section */

/* Begin PBXFrameworksBuildPhase section */
		11216D371E9F805A00288844 /* Frameworks */ = {
			isa = PBXFrameworksBuildPhase;
			buildActionMask = 2147483647;
			files = (
				E8E71BF65B576E986B245505 /* Pods_GuideBot.framework in Frameworks */,
			);
			runOnlyForDeploymentPostprocessing = 0;
		};
		11216D4B1E9F805A00288844 /* Frameworks */ = {
			isa = PBXFrameworksBuildPhase;
			buildActionMask = 2147483647;
			files = (
				2B220D648D3A5FF3B1C77EFA /* Pods_GuideBotUITests.framework in Frameworks */,
			);
			runOnlyForDeploymentPostprocessing = 0;
		};
/* End PBXFrameworksBuildPhase section */

/* Begin PBXGroup section */
		11216D311E9F805A00288844 = {
			isa = PBXGroup;
			children = (
				11216D3C1E9F805A00288844 /* GuideBot */,
				11216D511E9F805A00288844 /* GuideBotUITests */,
				11216D3B1E9F805A00288844 /* Products */,
				BD6639E549DF5800BD52D9B8 /* Pods */,
				3D79DF480CEB5D656B5A6E9A /* Frameworks */,
			);
			sourceTree = "<group>";
		};
		11216D3B1E9F805A00288844 /* Products */ = {
			isa = PBXGroup;
			children = (
				11216D3A1E9F805A00288844 /* GuideBot.app */,
				11216D4E1E9F805A00288844 /* GuideBotUITests.xctest */,
			);
			name = Products;
			sourceTree = "<group>";
		};
		11216D3C1E9F805A00288844 /* GuideBot */ = {
			isa = PBXGroup;
			children = (
				11216D3D1E9F805A00288844 /* AppDelegate.swift */,
				11216D3F1E9F805A00288844 /* ViewController.swift */,
				115F25F21E9F87C000B99024 /* DataBridge.swift */,
				11216D411E9F805A00288844 /* Main.storyboard */,
				11216D441E9F805A00288844 /* Assets.xcassets */,
				11216D461E9F805A00288844 /* LaunchScreen.storyboard */,
				11216D491E9F805A00288844 /* Info.plist */,
			);
			path = GuideBot;
			sourceTree = "<group>";
		};
		11216D511E9F805A00288844 /* GuideBotUITests */ = {
			isa = PBXGroup;
			children = (
				11216D521E9F805A00288844 /* GuideBotUITests.swift */,
				11216D541E9F805A00288844 /* Info.plist */,
			);
			path = GuideBotUITests;
			sourceTree = "<group>";
		};
		3D79DF480CEB5D656B5A6E9A /* Frameworks */ = {
			isa = PBXGroup;
			children = (
				ADFD151E60178340720CDDFF /* Pods_GuideBot.framework */,
				3043DDD9FC96127362127F30 /* Pods_GuideBotUITests.framework */,
			);
			name = Frameworks;
			sourceTree = "<group>";
		};
		BD6639E549DF5800BD52D9B8 /* Pods */ = {
			isa = PBXGroup;
			children = (
				1212A638A8C729153B784DC7 /* Pods-GuideBot.debug.xcconfig */,
				6120FC632F61C103F2D633B4 /* Pods-GuideBot.release.xcconfig */,
				CCFD2F07985FFDCDDB2F70D1 /* Pods-GuideBotUITests.debug.xcconfig */,
				4F59D0EE929E2B948A26E724 /* Pods-GuideBotUITests.release.xcconfig */,
			);
			name = Pods;
			sourceTree = "<group>";
		};
/* End PBXGroup section */

/* Begin PBXNativeTarget section */
		11216D391E9F805A00288844 /* GuideBot */ = {
			isa = PBXNativeTarget;
			buildConfigurationList = 11216D571E9F805A00288844 /* Build configuration list for PBXNativeTarget "GuideBot" */;
			buildPhases = (
				C9A298DE1561D02E4F20B92D /* [CP] Check Pods Manifest.lock */,
				11216D361E9F805A00288844 /* Sources */,
				11216D371E9F805A00288844 /* Frameworks */,
				11216D381E9F805A00288844 /* Resources */,
				743080B45ABD24EF1B6D1997 /* [CP] Embed Pods Frameworks */,
				E5E53343494426AD9FE74286 /* [CP] Copy Pods Resources */,
			);
			buildRules = (
			);
			dependencies = (
			);
			name = GuideBot;
			productName = GuideBot;
			productReference = 11216D3A1E9F805A00288844 /* GuideBot.app */;
			productType = "com.apple.product-type.application";
		};
		11216D4D1E9F805A00288844 /* GuideBotUITests */ = {
			isa = PBXNativeTarget;
			buildConfigurationList = 11216D5A1E9F805A00288844 /* Build configuration list for PBXNativeTarget "GuideBotUITests" */;
			buildPhases = (
				8CC9527E0DBEE589D998360E /* [CP] Check Pods Manifest.lock */,
				11216D4A1E9F805A00288844 /* Sources */,
				11216D4B1E9F805A00288844 /* Frameworks */,
				11216D4C1E9F805A00288844 /* Resources */,
				731A4DA887D56BEB5CD8A82C /* [CP] Embed Pods Frameworks */,
				3FBF252D36518C31D08104F4 /* [CP] Copy Pods Resources */,
			);
			buildRules = (
			);
			dependencies = (
				11216D501E9F805A00288844 /* PBXTargetDependency */,
			);
			name = GuideBotUITests;
			productName = GuideBotUITests;
			productReference = 11216D4E1E9F805A00288844 /* GuideBotUITests.xctest */;
			productType = "com.apple.product-type.bundle.ui-testing";
		};
/* End PBXNativeTarget section */

/* Begin PBXProject section */
		11216D321E9F805A00288844 /* Project object */ = {
			isa = PBXProject;
			attributes = {
				LastSwiftUpdateCheck = 0830;
				LastUpgradeCheck = 0830;
				ORGANIZATIONNAME = "Enkhjargal Gansukh";
				TargetAttributes = {
					11216D391E9F805A00288844 = {
						CreatedOnToolsVersion = 8.3;
						DevelopmentTeam = J82E7D76Q3;
						ProvisioningStyle = Automatic;
					};
					11216D4D1E9F805A00288844 = {
						CreatedOnToolsVersion = 8.3;
						DevelopmentTeam = J82E7D76Q3;
						ProvisioningStyle = Automatic;
						TestTargetID = 11216D391E9F805A00288844;
					};
				};
			};
			buildConfigurationList = 11216D351E9F805A00288844 /* Build configuration list for PBXProject "GuideBot" */;
			compatibilityVersion = "Xcode 3.2";
			developmentRegion = English;
			hasScannedForEncodings = 0;
			knownRegions = (
				en,
				Base,
			);
			mainGroup = 11216D311E9F805A00288844;
			productRefGroup = 11216D3B1E9F805A00288844 /* Products */;
			projectDirPath = "";
			projectRoot = "";
			targets = (
				11216D391E9F805A00288844 /* GuideBot */,
				11216D4D1E9F805A00288844 /* GuideBotUITests */,
			);
		};
/* End PBXProject section */

/* Begin PBXResourcesBuildPhase section */
		11216D381E9F805A00288844 /* Resources */ = {
			isa = PBXResourcesBuildPhase;
			buildActionMask = 2147483647;
			files = (
				11216D481E9F805A00288844 /* LaunchScreen.storyboard in Resources */,
				11216D451E9F805A00288844 /* Assets.xcassets in Resources */,
				11216D431E9F805A00288844 /* Main.storyboard in Resources */,
			);
			runOnlyForDeploymentPostprocessing = 0;
		};
		11216D4C1E9F805A00288844 /* Resources */ = {
			isa = PBXResourcesBuildPhase;
			buildActionMask = 2147483647;
			files = (
			);
			runOnlyForDeploymentPostprocessing = 0;
		};
/* End PBXResourcesBuildPhase section */

/* Begin PBXShellScriptBuildPhase section */
		3FBF252D36518C31D08104F4 /* [CP] Copy Pods Resources */ = {
			isa = PBXShellScriptBuildPhase;
			buildActionMask = 2147483647;
			files = (
			);
			inputPaths = (
			);
			name = "[CP] Copy Pods Resources";
			outputPaths = (
			);
			runOnlyForDeploymentPostprocessing = 0;
			shellPath = /bin/sh;
			shellScript = "\"${SRCROOT}/Pods/Target Support Files/Pods-GuideBotUITests/Pods-GuideBotUITests-resources.sh\"\n";
			showEnvVarsInLog = 0;
		};
		731A4DA887D56BEB5CD8A82C /* [CP] Embed Pods Frameworks */ = {
			isa = PBXShellScriptBuildPhase;
			buildActionMask = 2147483647;
			files = (
			);
			inputPaths = (
			);
			name = "[CP] Embed Pods Frameworks";
			outputPaths = (
			);
			runOnlyForDeploymentPostprocessing = 0;
			shellPath = /bin/sh;
			shellScript = "\"${SRCROOT}/Pods/Target Support Files/Pods-GuideBotUITests/Pods-GuideBotUITests-frameworks.sh\"\n";
			showEnvVarsInLog = 0;
		};
		743080B45ABD24EF1B6D1997 /* [CP] Embed Pods Frameworks */ = {
			isa = PBXShellScriptBuildPhase;
			buildActionMask = 2147483647;
			files = (
			);
			inputPaths = (
			);
			name = "[CP] Embed Pods Frameworks";
			outputPaths = (
			);
			runOnlyForDeploymentPostprocessing = 0;
			shellPath = /bin/sh;
			shellScript = "\"${SRCROOT}/Pods/Target Support Files/Pods-GuideBot/Pods-GuideBot-frameworks.sh\"\n";
			showEnvVarsInLog = 0;
		};
		8CC9527E0DBEE589D998360E /* [CP] Check Pods Manifest.lock */ = {
			isa = PBXShellScriptBuildPhase;
			buildActionMask = 2147483647;
			files = (
			);
			inputPaths = (
			);
			name = "[CP] Check Pods Manifest.lock";
			outputPaths = (
			);
			runOnlyForDeploymentPostprocessing = 0;
			shellPath = /bin/sh;
			shellScript = "diff \"${PODS_PODFILE_DIR_PATH}/Podfile.lock\" \"${PODS_ROOT}/Manifest.lock\" > /dev/null\nif [ $? != 0 ] ; then\n    # print error to STDERR\n    echo \"error: The sandbox is not in sync with the Podfile.lock. Run 'pod install' or update your CocoaPods installation.\" >&2\n    exit 1\nfi\n";
			showEnvVarsInLog = 0;
		};
		C9A298DE1561D02E4F20B92D /* [CP] Check Pods Manifest.lock */ = {
			isa = PBXShellScriptBuildPhase;
			buildActionMask = 2147483647;
			files = (
			);
			inputPaths = (
			);
			name = "[CP] Check Pods Manifest.lock";
			outputPaths = (
			);
			runOnlyForDeploymentPostprocessing = 0;
			shellPath = /bin/sh;
			shellScript = "diff \"${PODS_PODFILE_DIR_PATH}/Podfile.lock\" \"${PODS_ROOT}/Manifest.lock\" > /dev/null\nif [ $? != 0 ] ; then\n    # print error to STDERR\n    echo \"error: The sandbox is not in sync with the Podfile.lock. Run 'pod install' or update your CocoaPods installation.\" >&2\n    exit 1\nfi\n";
			showEnvVarsInLog = 0;
		};
		E5E53343494426AD9FE74286 /* [CP] Copy Pods Resources */ = {
			isa = PBXShellScriptBuildPhase;
			buildActionMask = 2147483647;
			files = (
			);
			inputPaths = (
			);
			name = "[CP] Copy Pods Resources";
			outputPaths = (
			);
			runOnlyForDeploymentPostprocessing = 0;
			shellPath = /bin/sh;
			shellScript = "\"${SRCROOT}/Pods/Target Support Files/Pods-GuideBot/Pods-GuideBot-resources.sh\"\n";
			showEnvVarsInLog = 0;
		};
/* End PBXShellScriptBuildPhase section */

/* Begin PBXSourcesBuildPhase section */
		11216D361E9F805A00288844 /* Sources */ = {
			isa = PBXSourcesBuildPhase;
			buildActionMask = 2147483647;
			files = (
				11216D401E9F805A00288844 /* ViewController.swift in Sources */,
				11216D3E1E9F805A00288844 /* AppDelegate.swift in Sources */,
				115F25F31E9F87C000B99024 /* DataBridge.swift in Sources */,
			);
			runOnlyForDeploymentPostprocessing = 0;
		};
		11216D4A1E9F805A00288844 /* Sources */ = {
			isa = PBXSourcesBuildPhase;
			buildActionMask = 2147483647;
			files = (
				11216D531E9F805A00288844 /* GuideBotUITests.swift in Sources */,
			);
			runOnlyForDeploymentPostprocessing = 0;
		};
/* End PBXSourcesBuildPhase section */

/* Begin PBXTargetDependency section */
		11216D501E9F805A00288844 /* PBXTargetDependency */ = {
			isa = PBXTargetDependency;
			target = 11216D391E9F805A00288844 /* GuideBot */;
			targetProxy = 11216D4F1E9F805A00288844 /* PBXContainerItemProxy */;
		};
/* End PBXTargetDependency section */

/* Begin PBXVariantGroup section */
		11216D411E9F805A00288844 /* Main.storyboard */ = {
			isa = PBXVariantGroup;
			children = (
				11216D421E9F805A00288844 /* Base */,
			);
			name = Main.storyboard;
			sourceTree = "<group>";
		};
		11216D461E9F805A00288844 /* LaunchScreen.storyboard */ = {
			isa = PBXVariantGroup;
			children = (
				11216D471E9F805A00288844 /* Base */,
			);
			name = LaunchScreen.storyboard;
			sourceTree = "<group>";
		};
/* End PBXVariantGroup section */

/* Begin XCBuildConfiguration section */
		11216D551E9F805A00288844 /* Debug */ = {
			isa = XCBuildConfiguration;
			buildSettings = {
				ALWAYS_SEARCH_USER_PATHS = NO;
				CLANG_ANALYZER_NONNULL = YES;
				CLANG_ANALYZER_NUMBER_OBJECT_CONVERSION = YES_AGGRESSIVE;
				CLANG_CXX_LANGUAGE_STANDARD = "gnu++0x";
				CLANG_CXX_LIBRARY = "libc++";
				CLANG_ENABLE_MODULES = YES;
				CLANG_ENABLE_OBJC_ARC = YES;
				CLANG_WARN_BOOL_CONVERSION = YES;
				CLANG_WARN_CONSTANT_CONVERSION = YES;
				CLANG_WARN_DIRECT_OBJC_ISA_USAGE = YES_ERROR;
				CLANG_WARN_DOCUMENTATION_COMMENTS = YES;
				CLANG_WARN_EMPTY_BODY = YES;
				CLANG_WARN_ENUM_CONVERSION = YES;
				CLANG_WARN_INFINITE_RECURSION = YES;
				CLANG_WARN_INT_CONVERSION = YES;
				CLANG_WARN_OBJC_ROOT_CLASS = YES_ERROR;
				CLANG_WARN_SUSPICIOUS_MOVE = YES;
				CLANG_WARN_UNREACHABLE_CODE = YES;
				CLANG_WARN__DUPLICATE_METHOD_MATCH = YES;
				"CODE_SIGN_IDENTITY[sdk=iphoneos*]" = "iPhone Developer";
				COPY_PHASE_STRIP = NO;
				DEBUG_INFORMATION_FORMAT = dwarf;
				ENABLE_STRICT_OBJC_MSGSEND = YES;
				ENABLE_TESTABILITY = YES;
				GCC_C_LANGUAGE_STANDARD = gnu99;
				GCC_DYNAMIC_NO_PIC = NO;
				GCC_NO_COMMON_BLOCKS = YES;
				GCC_OPTIMIZATION_LEVEL = 0;
				GCC_PREPROCESSOR_DEFINITIONS = (
					"DEBUG=1",
					"$(inherited)",
				);
				GCC_WARN_64_TO_32_BIT_CONVERSION = YES;
				GCC_WARN_ABOUT_RETURN_TYPE = YES_ERROR;
				GCC_WARN_UNDECLARED_SELECTOR = YES;
				GCC_WARN_UNINITIALIZED_AUTOS = YES_AGGRESSIVE;
				GCC_WARN_UNUSED_FUNCTION = YES;
				GCC_WARN_UNUSED_VARIABLE = YES;
				IPHONEOS_DEPLOYMENT_TARGET = 10.3;
				MTL_ENABLE_DEBUG_INFO = YES;
				ONLY_ACTIVE_ARCH = YES;
				SDKROOT = iphoneos;
				SWIFT_ACTIVE_COMPILATION_CONDITIONS = DEBUG;
				SWIFT_OPTIMIZATION_LEVEL = "-Onone";
			};
			name = Debug;
		};
		11216D561E9F805A00288844 /* Release */ = {
			isa = XCBuildConfiguration;
			buildSettings = {
				ALWAYS_SEARCH_USER_PATHS = NO;
				CLANG_ANALYZER_NONNULL = YES;
				CLANG_ANALYZER_NUMBER_OBJECT_CONVERSION = YES_AGGRESSIVE;
				CLANG_CXX_LANGUAGE_STANDARD = "gnu++0x";
				CLANG_CXX_LIBRARY = "libc++";
				CLANG_ENABLE_MODULES = YES;
				CLANG_ENABLE_OBJC_ARC = YES;
				CLANG_WARN_BOOL_CONVERSION = YES;
				CLANG_WARN_CONSTANT_CONVERSION = YES;
				CLANG_WARN_DIRECT_OBJC_ISA_USAGE = YES_ERROR;
				CLANG_WARN_DOCUMENTATION_COMMENTS = YES;
				CLANG_WARN_EMPTY_BODY = YES;
				CLANG_WARN_ENUM_CONVERSION = YES;
				CLANG_WARN_INFINITE_RECURSION = YES;
				CLANG_WARN_INT_CONVERSION = YES;
				CLANG_WARN_OBJC_ROOT_CLASS = YES_ERROR;
				CLANG_WARN_SUSPICIOUS_MOVE = YES;
				CLANG_WARN_UNREACHABLE_CODE = YES;
				CLANG_WARN__DUPLICATE_METHOD_MATCH = YES;
				"CODE_SIGN_IDENTITY[sdk=iphoneos*]" = "iPhone Developer";
				COPY_PHASE_STRIP = NO;
				DEBUG_INFORMATION_FORMAT = "dwarf-with-dsym";
				ENABLE_NS_ASSERTIONS = NO;
				ENABLE_STRICT_OBJC_MSGSEND = YES;
				GCC_C_LANGUAGE_STANDARD = gnu99;
				GCC_NO_COMMON_BLOCKS = YES;
				GCC_WARN_64_TO_32_BIT_CONVERSION = YES;
				GCC_WARN_ABOUT_RETURN_TYPE = YES_ERROR;
				GCC_WARN_UNDECLARED_SELECTOR = YES;
				GCC_WARN_UNINITIALIZED_AUTOS = YES_AGGRESSIVE;
				GCC_WARN_UNUSED_FUNCTION = YES;
				GCC_WARN_UNUSED_VARIABLE = YES;
				IPHONEOS_DEPLOYMENT_TARGET = 10.3;
				MTL_ENABLE_DEBUG_INFO = NO;
				SDKROOT = iphoneos;
				SWIFT_OPTIMIZATION_LEVEL = "-Owholemodule";
				VALIDATE_PRODUCT = YES;
			};
			name = Release;
		};
		11216D581E9F805A00288844 /* Debug */ = {
			isa = XCBuildConfiguration;
			baseConfigurationReference = 1212A638A8C729153B784DC7 /* Pods-GuideBot.debug.xcconfig */;
			buildSettings = {
				ASSETCATALOG_COMPILER_APPICON_NAME = AppIcon;
				DEVELOPMENT_TEAM = J82E7D76Q3;
				INFOPLIST_FILE = GuideBot/Info.plist;
				LD_RUNPATH_SEARCH_PATHS = "$(inherited) @executable_path/Frameworks";
				PRODUCT_BUNDLE_IDENTIFIER = com.phigolf.GuideBot;
				PRODUCT_NAME = "$(TARGET_NAME)";
				SWIFT_VERSION = 3.0;
			};
			name = Debug;
		};
		11216D591E9F805A00288844 /* Release */ = {
			isa = XCBuildConfiguration;
			baseConfigurationReference = 6120FC632F61C103F2D633B4 /* Pods-GuideBot.release.xcconfig */;
			buildSettings = {
				ASSETCATALOG_COMPILER_APPICON_NAME = AppIcon;
				DEVELOPMENT_TEAM = J82E7D76Q3;
				INFOPLIST_FILE = GuideBot/Info.plist;
				LD_RUNPATH_SEARCH_PATHS = "$(inherited) @executable_path/Frameworks";
				PRODUCT_BUNDLE_IDENTIFIER = com.phigolf.GuideBot;
				PRODUCT_NAME = "$(TARGET_NAME)";
				SWIFT_VERSION = 3.0;
			};
			name = Release;
		};
		11216D5B1E9F805A00288844 /* Debug */ = {
			isa = XCBuildConfiguration;
			baseConfigurationReference = CCFD2F07985FFDCDDB2F70D1 /* Pods-GuideBotUITests.debug.xcconfig */;
			buildSettings = {
				ALWAYS_EMBED_SWIFT_STANDARD_LIBRARIES = YES;
				DEVELOPMENT_TEAM = J82E7D76Q3;
				INFOPLIST_FILE = GuideBotUITests/Info.plist;
				LD_RUNPATH_SEARCH_PATHS = "$(inherited) @executable_path/Frameworks @loader_path/Frameworks";
				PRODUCT_BUNDLE_IDENTIFIER = com.phigolf.GuideBotUITests;
				PRODUCT_NAME = "$(TARGET_NAME)";
				SWIFT_VERSION = 3.0;
				TEST_TARGET_NAME = GuideBot;
			};
			name = Debug;
		};
		11216D5C1E9F805A00288844 /* Release */ = {
			isa = XCBuildConfiguration;
			baseConfigurationReference = 4F59D0EE929E2B948A26E724 /* Pods-GuideBotUITests.release.xcconfig */;
			buildSettings = {
				ALWAYS_EMBED_SWIFT_STANDARD_LIBRARIES = YES;
				DEVELOPMENT_TEAM = J82E7D76Q3;
				INFOPLIST_FILE = GuideBotUITests/Info.plist;
				LD_RUNPATH_SEARCH_PATHS = "$(inherited) @executable_path/Frameworks @loader_path/Frameworks";
				PRODUCT_BUNDLE_IDENTIFIER = com.phigolf.GuideBotUITests;
				PRODUCT_NAME = "$(TARGET_NAME)";
				SWIFT_VERSION = 3.0;
				TEST_TARGET_NAME = GuideBot;
			};
			name = Release;
		};
/* End XCBuildConfiguration section */

/* Begin XCConfigurationList section */
		11216D351E9F805A00288844 /* Build configuration list for PBXProject "GuideBot" */ = {
			isa = XCConfigurationList;
			buildConfigurations = (
				11216D551E9F805A00288844 /* Debug */,
				11216D561E9F805A00288844 /* Release */,
			);
			defaultConfigurationIsVisible = 0;
			defaultConfigurationName = Release;
		};
		11216D571E9F805A00288844 /* Build configuration list for PBXNativeTarget "GuideBot" */ = {
			isa = XCConfigurationList;
			buildConfigurations = (
				11216D581E9F805A00288844 /* Debug */,
				11216D591E9F805A00288844 /* Release */,
			);
			defaultConfigurationIsVisible = 0;
			defaultConfigurationName = Release;
		};
		11216D5A1E9F805A00288844 /* Build configuration list for PBXNativeTarget "GuideBotUITests" */ = {
			isa = XCConfigurationList;
			buildConfigurations = (
				11216D5B1E9F805A00288844 /* Debug */,
				11216D5C1E9F805A00288844 /* Release */,
			);
			defaultConfigurationIsVisible = 0;
			defaultConfigurationName = Release;
		};
/* End XCConfigurationList section */
	};
	rootObject = 11216D321E9F805A00288844 /* Project object */;
}
